
Microsoft Visual Studio Solution File, Format Version 12.00
# Visual Studio 15
VisualStudioVersion = 15.0.27703.2047
MinimumVisualStudioVersion = 10.0.40219.1
Project("{FAE04EC0-301F-11D3-BF4B-00C04F79EFBC}") = "Impacta.WebApi.Pessoas", "Impacta.WebApi.Pessoas\Impacta.WebApi.Pessoas.csproj", "{D209F336-0E7F-4D13-8174-411EFD5D53EC}"
EndProject
Global
	GlobalSection(SolutionConfigurationPlatforms) = preSolution
		Debug|Any CPU = Debug|Any CPU
		Release|Any CPU = Release|Any CPU
	EndGlobalSection
	GlobalSection(ProjectConfigurationPlatforms) = postSolution
		{D209F336-0E7F-4D13-8174-411EFD5D53EC}.Debug|Any CPU.ActiveCfg = Debug|Any CPU
		{D209F336-0E7F-4D13-8174-411EFD5D53EC}.Debug|Any CPU.Build.0 = Debug|Any CPU
		{D209F336-0E7F-4D13-8174-411EFD5D53EC}.Release|Any CPU.ActiveCfg = Release|Any CPU
		{D209F336-0E7F-4D13-8174-411EFD5D53EC}.Release|Any CPU.Build.0 = Release|Any CPU
	EndGlobalSection
	GlobalSection(SolutionProperties) = preSolution
		HideSolutionNode = FALSE
	EndGlobalSection
	GlobalSection(ExtensibilityGlobals) = postSolution
		SolutionGuid = {14B64404-CD2D-464E-92CD-885A3F06B3B2}
	EndGlobalSection
EndGlobal
